
Microsoft Visual Studio Solution File, Format Version 12.00
# Visual Studio Version 17
VisualStudioVersion = 17.9.34622.214
MinimumVisualStudioVersion = 10.0.40219.1
Project("{9A19103F-16F7-4668-BE54-9A1E7A4F7556}") = "Blogy.WebUI", "Blogy.WebUI\Blogy.WebUI.csproj", "{6A2DE060-D639-4CBC-9852-64938056E487}"
EndProject
Project("{9A19103F-16F7-4668-BE54-9A1E7A4F7556}") = "Blogy.EntityLayer", "Blogy.EntityLayer\Blogy.EntityLayer.csproj", "{880B4B93-550C-448F-8976-556B2D34409B}"
EndProject
Project("{9A19103F-16F7-4668-BE54-9A1E7A4F7556}") = "Blogy.DataAccessLayer", "Blogy.DataAccessLayer\Blogy.DataAccessLayer.csproj", "{D2745653-9EE9-4D58-9112-7CA751D1FF5F}"
EndProject
Project("{FAE04EC0-301F-11D3-BF4B-00C04F79EFBC}") = "Blogy.BusinessLayer", "Blogy.BusinessLayer\Blogy.BusinessLayer.csproj", "{49942620-B798-4149-85A5-45AE6E2342D9}"
EndProject
Global
	GlobalSection(SolutionConfigurationPlatforms) = preSolution
		Debug|Any CPU = Debug|Any CPU
		Release|Any CPU = Release|Any CPU
	EndGlobalSection
	GlobalSection(ProjectConfigurationPlatforms) = postSolution
		{6A2DE060-D639-4CBC-9852-64938056E487}.Debug|Any CPU.ActiveCfg = Debug|Any CPU
		{6A2DE060-D639-4CBC-9852-64938056E487}.Debug|Any CPU.Build.0 = Debug|Any CPU
		{6A2DE060-D639-4CBC-9852-64938056E487}.Release|Any CPU.ActiveCfg = Release|Any CPU
		{6A2DE060-D639-4CBC-9852-64938056E487}.Release|Any CPU.Build.0 = Release|Any CPU
		{880B4B93-550C-448F-8976-556B2D34409B}.Debug|Any CPU.ActiveCfg = Debug|Any CPU
		{880B4B93-550C-448F-8976-556B2D34409B}.Debug|Any CPU.Build.0 = Debug|Any CPU
		{880B4B93-550C-448F-8976-556B2D34409B}.Release|Any CPU.ActiveCfg = Release|Any CPU
		{880B4B93-550C-448F-8976-556B2D34409B}.Release|Any CPU.Build.0 = Release|Any CPU
		{D2745653-9EE9-4D58-9112-7CA751D1FF5F}.Debug|Any CPU.ActiveCfg = Debug|Any CPU
		{D2745653-9EE9-4D58-9112-7CA751D1FF5F}.Debug|Any CPU.Build.0 = Debug|Any CPU
		{D2745653-9EE9-4D58-9112-7CA751D1FF5F}.Release|Any CPU.ActiveCfg = Release|Any CPU
		{D2745653-9EE9-4D58-9112-7CA751D1FF5F}.Release|Any CPU.Build.0 = Release|Any CPU
		{49942620-B798-4149-85A5-45AE6E2342D9}.Debug|Any CPU.ActiveCfg = Debug|Any CPU
		{49942620-B798-4149-85A5-45AE6E2342D9}.Debug|Any CPU.Build.0 = Debug|Any CPU
		{49942620-B798-4149-85A5-45AE6E2342D9}.Release|Any CPU.ActiveCfg = Release|Any CPU
		{49942620-B798-4149-85A5-45AE6E2342D9}.Release|Any CPU.Build.0 = Release|Any CPU
	EndGlobalSection
	GlobalSection(SolutionProperties) = preSolution
		HideSolutionNode = FALSE
	EndGlobalSection
	GlobalSection(ExtensibilityGlobals) = postSolution
		SolutionGuid = {F1D7FB9D-96DC-4357-8B33-6039E0622951}
	EndGlobalSection
EndGlobal
